{
  "version": "2",
  "remote": {
    "https://deno.land/std@0.106.0/encoding/base64.ts": "eecae390f1f1d1cae6f6c6d732ede5276bf4b9cd29b1d281678c054dc5cc009e",
    "https://deno.land/std@0.189.0/collections/_comparators.ts": "fa7f9a44cea1d270098a2a5a6f8bb30c61b595c1b1f983bd67c6297d766adffa",
    "https://deno.land/std@0.189.0/collections/binary_heap.ts": "64a5f4ff7383d6462a19f3da48ce81a8a10f0d73c91e5463706f01b2490bb005",
    "https://deno.land/std@0.190.0/_util/asserts.ts": "178dfc49a464aee693a7e285567b3d0b555dc805ff490505a8aae34f9cfb1462",
    "https://deno.land/std@0.190.0/collections/chunk.ts": "541f4b537109163f859e7b2e2ff6245669cf4d7feaeae9674b01e1acf3929291",
    "https://deno.land/std@0.190.0/collections/sort_by.ts": "1202915ce874f76369109c75cf5fe34c90f2e6943f34bbbedde9d26e5785cef6",
    "https://deno.land/std@0.190.0/flags/mod.ts": "17f444ddbee43c5487568de0c6a076c7729cfe90d96d2ffcd2b8f8adadafb6e8",
    "https://deno.land/std@0.190.0/fmt/colors.ts": "d67e3cd9f472535241a8e410d33423980bec45047e343577554d3356e1f0ef4e",
    "https://deno.land/std@0.190.0/testing/_diff.ts": "1a3c044aedf77647d6cac86b798c6417603361b66b54c53331b312caeb447aea",
    "https://deno.land/std@0.190.0/testing/_format.ts": "a69126e8a469009adf4cf2a50af889aca364c349797e63174884a52ff75cf4c7",
    "https://deno.land/std@0.190.0/testing/asserts.ts": "e16d98b4d73ffc4ed498d717307a12500ae4f2cbe668f1a215632d19fcffc22f",
    "https://deno.land/x/aocd@v1.4.0/Aocd.ts": "bcd83be1efea021653d9b87c53f481cda3aafe1555f6f224e6645e66cf81ccc2",
    "https://deno.land/x/aocd@v1.4.0/DefaultAocdSource.ts": "4375032f7413142bfce06414db655bcbf8470af8d5095a38caf06182f6131995",
    "https://deno.land/x/aocd@v1.4.0/SafeRunAocdSource.ts": "a71480f250c532a0eaca6a50ac16597657ee18ff2ce340a8035ad6b035169736",
    "https://deno.land/x/aocd@v1.4.0/_DbManager.ts": "9aa5e8f17559e5a3fe3bb14d583f26133fe51b2b066414789284f22f4522e656",
    "https://deno.land/x/aocd@v1.4.0/_common.ts": "2792e42a37af0060fe80c1c8f24deb2499592620fda25069d6a066162d7fe7ef",
    "https://deno.land/x/aocd@v1.4.0/configureAocd.ts": "fbfb22dda4e5081b124ed2ea571ee233873d13c561807275884c6f6e74278a27",
    "https://deno.land/x/aocd@v1.4.0/mod.ts": "c5b633c22b16a24258a96388a28616ee17270f38a3955fc558ecf1746566d461",
    "https://deno.land/x/aocd@v1.4.0/version.ts": "b2330d6e0c088749428abbac6798ef2d58dd39136b67ee21676d0fa6be559eb6",
    "https://deno.land/x/canvas@v1.4.1/deps.ts": "e956026d98094946166e06d7b799290b732db015813870d84e04e33ab88e98f3",
    "https://deno.land/x/canvas@v1.4.1/mod.ts": "a4e16972647ceafef58612a377a218372454c99d2c9da615a132694597114f80",
    "https://deno.land/x/canvas@v1.4.1/src/base64.ts": "0928031fdba0c43b617154fbe2eb7578366460c04da1422933ae5e936d3d0349",
    "https://deno.land/x/canvas@v1.4.1/src/canvas.ts": "58119999b04f68ebeed2627485c5c24c5b0c029707edde0b6568814f9049a3a8",
    "https://deno.land/x/canvas@v1.4.1/src/canvaskit.ts": "c3d807472cbb3e1d9fc01bb43ff974ef796c4b010178d1595be5fa793cce5e7d",
    "https://deno.land/x/canvas@v1.4.1/src/color_util.ts": "28f1072f0a5acbe7add7fac2f452311a47b44c080806fc4057de2d2e405c6c1c",
    "https://deno.land/x/canvas@v1.4.1/src/lib.js": "bb21711589bfbc8997b455cdf53e3150e23289f3b44809188041b1d2fc7924fa",
    "https://deno.land/x/canvas@v1.4.1/src/types.ts": "67d5800f8f4b0a407e0251676a03ae91b5f50a3ed53e6b72dc5984113cb93128",
    "https://deno.land/x/canvas@v1.4.1/src/wasm.js": "449d72cc14fc4142a5853f944df49a744d852981d09c5515528ede8aebb0afda",
    "https://deno.land/x/dir@1.5.1/cache_dir/mod.ts": "8a82889db79c547fbbd3536c9c964047657b19fb59365c5fa59afc46082f9fe5",
    "https://deno.land/x/dir@1.5.1/data_dir/mod.ts": "7d17c6d9e775974245e0456c8f83f751c41c792c06020d12ca1ca69a0ce4e671",
    "https://deno.land/x/lazy_pathfinding@v1.1.1/directed/_reverse_path.ts": "c1950c8c4065be3178cf3ca482186879bed28f3f552d120a883a028b900fa41a",
    "https://deno.land/x/lazy_pathfinding@v1.1.1/directed/a_star.ts": "9593d0e1e14fbd810ec714868f5ea353f927d338b3c38caa9ba81876465c967b",
    "https://deno.land/x/lazy_pathfinding@v1.1.1/directed/cost_options.ts": "07cd5f5ababdc179f9a27e3a4a09e5038d131b871c73433117c980bbdacc16d3",
    "https://deno.land/x/lazy_pathfinding@v1.1.1/directed/dijkstra.ts": "d864f9f00fb3cd15dbfa8ad632855322d837defa465539150714f0fada38eee3",
    "https://deno.land/x/memoizy@1.0.0/mod.ts": "8b421c57a2c9bcf60f0d845aa46d19b09de838953c9d440d9abbc8e3cabb791b",
    "https://deno.land/x/once@0.3.0/index.ts": "459257c9a212c8202152563f3c04b708bc013e49288982e693e6c8292da3541b",
    "https://deno.land/x/sqlite@v3.7.2/build/sqlite.d.ts": "d724a21a588a0e19ae46a3476349fe5d75e896735e7362ea8cf997ffad35d0f9",
    "https://deno.land/x/sqlite@v3.7.2/build/sqlite.js": "c59f109f100c2bae0b9342f04e0d400583e2e3211d08bb71095177a4109ee5bf",
    "https://deno.land/x/sqlite@v3.7.2/build/vfs.js": "08533cc78fb29b9d9bd62f6bb93e5ef333407013fed185776808f11223ba0e70",
    "https://deno.land/x/sqlite@v3.7.2/mod.ts": "e09fc79d8065fe222578114b109b1fd60077bff1bb75448532077f784f4d6a83",
    "https://deno.land/x/sqlite@v3.7.2/src/constants.ts": "90f3be047ec0a89bcb5d6fc30db121685fc82cb00b1c476124ff47a4b0472aa9",
    "https://deno.land/x/sqlite@v3.7.2/src/db.ts": "62f3ad4d593c07e7c64fbbd97da6b4579ea695f8d11d52d899661e9d42a400fd",
    "https://deno.land/x/sqlite@v3.7.2/src/error.ts": "f7a15cb00d7c3797da1aefee3cf86d23e0ae92e73f0ba3165496c3816ab9503a",
    "https://deno.land/x/sqlite@v3.7.2/src/function.ts": "e4c83b8ec64bf88bafad2407376b0c6a3b54e777593c70336fb40d43a79865f2",
    "https://deno.land/x/sqlite@v3.7.2/src/query.ts": "d58abda928f6582d77bad685ecf551b1be8a15e8e38403e293ec38522e030cad",
    "https://deno.land/x/sqlite@v3.7.2/src/wasm.ts": "e79d0baa6e42423257fb3c7cc98091c54399254867e0f34a09b5bdef37bd9487"
  }
}
